// !$*UTF8*$!
{
	archiveVersion = 1;
	classes = {
	};
	objectVersion = 50;
	objects = {

/* Begin PBXBuildFile section */
		2AB9BD0D229341E100EABCA9 /* AppDelegate.swift in Sources */ = {isa = PBXBuildFile; fileRef = 2AB9BD0C229341E100EABCA9 /* AppDelegate.swift */; };
		2AB9BD0F229341E100EABCA9 /* ViewController.swift in Sources */ = {isa = PBXBuildFile; fileRef = 2AB9BD0E229341E100EABCA9 /* ViewController.swift */; };
		2AB9BD12229341E100EABCA9 /* Main.storyboard in Resources */ = {isa = PBXBuildFile; fileRef = 2AB9BD10229341E100EABCA9 /* Main.storyboard */; };
		2AB9BD14229341E300EABCA9 /* Assets.xcassets in Resources */ = {isa = PBXBuildFile; fileRef = 2AB9BD13229341E300EABCA9 /* Assets.xcassets */; };
		2AB9BD17229341E300EABCA9 /* LaunchScreen.storyboard in Resources */ = {isa = PBXBuildFile; fileRef = 2AB9BD15229341E300EABCA9 /* LaunchScreen.storyboard */; };
		2AB9BD20229347AC00EABCA9 /* BorderButton.swift in Sources */ = {isa = PBXBuildFile; fileRef = 2AB9BD1F229347AC00EABCA9 /* BorderButton.swift */; };
/* End PBXBuildFile section */

/* Begin PBXFileReference section */
		2AB9BD09229341E100EABCA9 /* Hoop Manager.app */ = {isa = PBXFileReference; explicitFileType = wrapper.application; includeInIndex = 0; path = "Hoop Manager.app"; sourceTree = BUILT_PRODUCTS_DIR; };
		2AB9BD0C229341E100EABCA9 /* AppDelegate.swift */ = {isa = PBXFileReference; lastKnownFileType = sourcecode.swift; path = AppDelegate.swift; sourceTree = "<group>"; };
		2AB9BD0E229341E100EABCA9 /* ViewController.swift */ = {isa = PBXFileReference; lastKnownFileType = sourcecode.swift; path = ViewController.swift; sourceTree = "<group>"; };
		2AB9BD11229341E100EABCA9 /* Base */ = {isa = PBXFileReference; lastKnownFileType = file.storyboard; name = Base; path = Base.lproj/Main.storyboard; sourceTree = "<group>"; };
		2AB9BD13229341E300EABCA9 /* Assets.xcassets */ = {isa = PBXFileReference; lastKnownFileType = folder.assetcatalog; path = Assets.xcassets; sourceTree = "<group>"; };
		2AB9BD16229341E300EABCA9 /* Base */ = {isa = PBXFileReference; lastKnownFileType = file.storyboard; name = Base; path = Base.lproj/LaunchScreen.storyboard; sourceTree = "<group>"; };
		2AB9BD18229341E300EABCA9 /* Info.plist */ = {isa = PBXFileReference; lastKnownFileType = text.plist.xml; path = Info.plist; sourceTree = "<group>"; };
		2AB9BD1F229347AC00EABCA9 /* BorderButton.swift */ = {isa = PBXFileReference; lastKnownFileType = sourcecode.swift; path = BorderButton.swift; sourceTree = "<group>"; };
/* End PBXFileReference section */

/* Begin PBXFrameworksBuildPhase section */
		2AB9BD06229341E100EABCA9 /* Frameworks */ = {
			isa = PBXFrameworksBuildPhase;
			buildActionMask = 2147483647;
			files = (
			);
			runOnlyForDeploymentPostprocessing = 0;
		};
/* End PBXFrameworksBuildPhase section */

/* Begin PBXGroup section */
		2AB9BD00229341E100EABCA9 = {
			isa = PBXGroup;
			children = (
				2AB9BD0B229341E100EABCA9 /* Hoop Manager */,
				2AB9BD0A229341E100EABCA9 /* Products */,
			);
			sourceTree = "<group>";
		};
		2AB9BD0A229341E100EABCA9 /* Products */ = {
			isa = PBXGroup;
			children = (
				2AB9BD09229341E100EABCA9 /* Hoop Manager.app */,
			);
			name = Products;
			sourceTree = "<group>";
		};
		2AB9BD0B229341E100EABCA9 /* Hoop Manager */ = {
			isa = PBXGroup;
			children = (
				2AB9BD1E2293477C00EABCA9 /* Views */,
				2AB9BD0C229341E100EABCA9 /* AppDelegate.swift */,
				2AB9BD0E229341E100EABCA9 /* ViewController.swift */,
				2AB9BD10229341E100EABCA9 /* Main.storyboard */,
				2AB9BD13229341E300EABCA9 /* Assets.xcassets */,
				2AB9BD15229341E300EABCA9 /* LaunchScreen.storyboard */,
				2AB9BD18229341E300EABCA9 /* Info.plist */,
			);
			path = "Hoop Manager";
			sourceTree = "<group>";
		};
		2AB9BD1E2293477C00EABCA9 /* Views */ = {
			isa = PBXGroup;
			children = (
				2AB9BD1F229347AC00EABCA9 /* BorderButton.swift */,
			);
			path = Views;
			sourceTree = "<group>";
		};
/* End PBXGroup section */

/* Begin PBXNativeTarget section */
		2AB9BD08229341E100EABCA9 /* Hoop Manager */ = {
			isa = PBXNativeTarget;
			buildConfigurationList = 2AB9BD1B229341E300EABCA9 /* Build configuration list for PBXNativeTarget "Hoop Manager" */;
			buildPhases = (
				2AB9BD05229341E100EABCA9 /* Sources */,
				2AB9BD06229341E100EABCA9 /* Frameworks */,
				2AB9BD07229341E100EABCA9 /* Resources */,
			);
			buildRules = (
			);
			dependencies = (
			);
			name = "Hoop Manager";
			productName = "Hoop Manager";
			productReference = 2AB9BD09229341E100EABCA9 /* Hoop Manager.app */;
			productType = "com.apple.product-type.application";
		};
/* End PBXNativeTarget section */

/* Begin PBXProject section */
		2AB9BD01229341E100EABCA9 /* Project object */ = {
			isa = PBXProject;
			attributes = {
				LastSwiftUpdateCheck = 0940;
				LastUpgradeCheck = 0940;
				ORGANIZATIONNAME = "Depew, Ben (NonEmp)";
				TargetAttributes = {
					2AB9BD08229341E100EABCA9 = {
						CreatedOnToolsVersion = 9.4;
					};
				};
			};
			buildConfigurationList = 2AB9BD04229341E100EABCA9 /* Build configuration list for PBXProject "Hoop Manager" */;
			compatibilityVersion = "Xcode 9.3";
			developmentRegion = en;
			hasScannedForEncodings = 0;
			knownRegions = (
				en,
				Base,
			);
			mainGroup = 2AB9BD00229341E100EABCA9;
			productRefGroup = 2AB9BD0A229341E100EABCA9 /* Products */;
			projectDirPath = "";
			projectRoot = "";
			targets = (
				2AB9BD08229341E100EABCA9 /* Hoop Manager */,
			);
		};
/* End PBXProject section */

/* Begin PBXResourcesBuildPhase section */
		2AB9BD07229341E100EABCA9 /* Resources */ = {
			isa = PBXResourcesBuildPhase;
			buildActionMask = 2147483647;
			files = (
				2AB9BD17229341E300EABCA9 /* LaunchScreen.storyboard in Resources */,
				2AB9BD14229341E300EABCA9 /* Assets.xcassets in Resources */,
				2AB9BD12229341E100EABCA9 /* Main.storyboard in Resources */,
			);
			runOnlyForDeploymentPostprocessing = 0;
		};
/* End PBXResourcesBuildPhase section */

/* Begin PBXSourcesBuildPhase section */
		2AB9BD05229341E100EABCA9 /* Sources */ = {
			isa = PBXSourcesBuildPhase;
			buildActionMask = 2147483647;
			files = (
				2AB9BD0F229341E100EABCA9 /* ViewController.swift in Sources */,
				2AB9BD0D229341E100EABCA9 /* AppDelegate.swift in Sources */,
				2AB9BD20229347AC00EABCA9 /* BorderButton.swift in Sources */,
			);
			runOnlyForDeploymentPostprocessing = 0;
		};
/* End PBXSourcesBuildPhase section */

/* Begin PBXVariantGroup section */
		2AB9BD10229341E100EABCA9 /* Main.storyboard */ = {
			isa = PBXVariantGroup;
			children = (
				2AB9BD11229341E100EABCA9 /* Base */,
			);
			name = Main.storyboard;
			sourceTree = "<group>";
		};
		2AB9BD15229341E300EABCA9 /* LaunchScreen.storyboard */ = {
			isa = PBXVariantGroup;
			children = (
				2AB9BD16229341E300EABCA9 /* Base */,
			);
			name = LaunchScreen.storyboard;
			sourceTree = "<group>";
		};
/* End PBXVariantGroup section */

/* Begin XCBuildConfiguration section */
		2AB9BD19229341E300EABCA9 /* Debug */ = {
			isa = XCBuildConfiguration;
			buildSettings = {
				ALWAYS_SEARCH_USER_PATHS = NO;
				CLANG_ANALYZER_NONNULL = YES;
				CLANG_ANALYZER_NUMBER_OBJECT_CONVERSION = YES_AGGRESSIVE;
				CLANG_CXX_LANGUAGE_STANDARD = "gnu++14";
				CLANG_CXX_LIBRARY = "libc++";
				CLANG_ENABLE_MODULES = YES;
				CLANG_ENABLE_OBJC_ARC = YES;
				CLANG_ENABLE_OBJC_WEAK = YES;
				CLANG_WARN_BLOCK_CAPTURE_AUTORELEASING = YES;
				CLANG_WARN_BOOL_CONVERSION = YES;
				CLANG_WARN_COMMA = YES;
				CLANG_WARN_CONSTANT_CONVERSION = YES;
				CLANG_WARN_DEPRECATED_OBJC_IMPLEMENTATIONS = YES;
				CLANG_WARN_DIRECT_OBJC_ISA_USAGE = YES_ERROR;
				CLANG_WARN_DOCUMENTATION_COMMENTS = YES;
				CLANG_WARN_EMPTY_BODY = YES;
				CLANG_WARN_ENUM_CONVERSION = YES;
				CLANG_WARN_INFINITE_RECURSION = YES;
				CLANG_WARN_INT_CONVERSION = YES;
				CLANG_WARN_NON_LITERAL_NULL_CONVERSION = YES;
				CLANG_WARN_OBJC_IMPLICIT_RETAIN_SELF = YES;
				CLANG_WARN_OBJC_LITERAL_CONVERSION = YES;
				CLANG_WARN_OBJC_ROOT_CLASS = YES_ERROR;
				CLANG_WARN_RANGE_LOOP_ANALYSIS = YES;
				CLANG_WARN_STRICT_PROTOTYPES = YES;
				CLANG_WARN_SUSPICIOUS_MOVE = YES;
				CLANG_WARN_UNGUARDED_AVAILABILITY = YES_AGGRESSIVE;
				CLANG_WARN_UNREACHABLE_CODE = YES;
				CLANG_WARN__DUPLICATE_METHOD_MATCH = YES;
				CODE_SIGN_IDENTITY = "iPhone Developer";
				COPY_PHASE_STRIP = NO;
				DEBUG_INFORMATION_FORMAT = dwarf;
				ENABLE_STRICT_OBJC_MSGSEND = YES;
				ENABLE_TESTABILITY = YES;
				GCC_C_LANGUAGE_STANDARD = gnu11;
				GCC_DYNAMIC_NO_PIC = NO;
				GCC_NO_COMMON_BLOCKS = YES;
				GCC_OPTIMIZATION_LEVEL = 0;
				GCC_PREPROCESSOR_DEFINITIONS = (
					"DEBUG=1",
					"$(inherited)",
				);
				GCC_WARN_64_TO_32_BIT_CONVERSION = YES;
				GCC_WARN_ABOUT_RETURN_TYPE = YES_ERROR;
				GCC_WARN_UNDECLARED_SELECTOR = YES;
				GCC_WARN_UNINITIALIZED_AUTOS = YES_AGGRESSIVE;
				GCC_WARN_UNUSED_FUNCTION = YES;
				GCC_WARN_UNUSED_VARIABLE = YES;
				IPHONEOS_DEPLOYMENT_TARGET = 11.4;
				MTL_ENABLE_DEBUG_INFO = YES;
				ONLY_ACTIVE_ARCH = YES;
				SDKROOT = iphoneos;
				SWIFT_ACTIVE_COMPILATION_CONDITIONS = DEBUG;
				SWIFT_OPTIMIZATION_LEVEL = "-Onone";
			};
			name = Debug;
		};
		2AB9BD1A229341E300EABCA9 /* Release */ = {
			isa = XCBuildConfiguration;
			buildSettings = {
				ALWAYS_SEARCH_USER_PATHS = NO;
				CLANG_ANALYZER_NONNULL = YES;
				CLANG_ANALYZER_NUMBER_OBJECT_CONVERSION = YES_AGGRESSIVE;
				CLANG_CXX_LANGUAGE_STANDARD = "gnu++14";
				CLANG_CXX_LIBRARY = "libc++";
				CLANG_ENABLE_MODULES = YES;
				CLANG_ENABLE_OBJC_ARC = YES;
				CLANG_ENABLE_OBJC_WEAK = YES;
				CLANG_WARN_BLOCK_CAPTURE_AUTORELEASING = YES;
				CLANG_WARN_BOOL_CONVERSION = YES;
				CLANG_WARN_COMMA = YES;
				CLANG_WARN_CONSTANT_CONVERSION = YES;
				CLANG_WARN_DEPRECATED_OBJC_IMPLEMENTATIONS = YES;
				CLANG_WARN_DIRECT_OBJC_ISA_USAGE = YES_ERROR;
				CLANG_WARN_DOCUMENTATION_COMMENTS = YES;
				CLANG_WARN_EMPTY_BODY = YES;
				CLANG_WARN_ENUM_CONVERSION = YES;
				CLANG_WARN_INFINITE_RECURSION = YES;
				CLANG_WARN_INT_CONVERSION = YES;
				CLANG_WARN_NON_LITERAL_NULL_CONVERSION = YES;
				CLANG_WARN_OBJC_IMPLICIT_RETAIN_SELF = YES;
				CLANG_WARN_OBJC_LITERAL_CONVERSION = YES;
				CLANG_WARN_OBJC_ROOT_CLASS = YES_ERROR;
				CLANG_WARN_RANGE_LOOP_ANALYSIS = YES;
				CLANG_WARN_STRICT_PROTOTYPES = YES;
				CLANG_WARN_SUSPICIOUS_MOVE = YES;
				CLANG_WARN_UNGUARDED_AVAILABILITY = YES_AGGRESSIVE;
				CLANG_WARN_UNREACHABLE_CODE = YES;
				CLANG_WARN__DUPLICATE_METHOD_MATCH = YES;
				CODE_SIGN_IDENTITY = "iPhone Developer";
				COPY_PHASE_STRIP = NO;
				DEBUG_INFORMATION_FORMAT = "dwarf-with-dsym";
				ENABLE_NS_ASSERTIONS = NO;
				ENABLE_STRICT_OBJC_MSGSEND = YES;
				GCC_C_LANGUAGE_STANDARD = gnu11;
				GCC_NO_COMMON_BLOCKS = YES;
				GCC_WARN_64_TO_32_BIT_CONVERSION = YES;
				GCC_WARN_ABOUT_RETURN_TYPE = YES_ERROR;
				GCC_WARN_UNDECLARED_SELECTOR = YES;
				GCC_WARN_UNINITIALIZED_AUTOS = YES_AGGRESSIVE;
				GCC_WARN_UNUSED_FUNCTION = YES;
				GCC_WARN_UNUSED_VARIABLE = YES;
				IPHONEOS_DEPLOYMENT_TARGET = 11.4;
				MTL_ENABLE_DEBUG_INFO = NO;
				SDKROOT = iphoneos;
				SWIFT_COMPILATION_MODE = wholemodule;
				SWIFT_OPTIMIZATION_LEVEL = "-O";
				VALIDATE_PRODUCT = YES;
			};
			name = Release;
		};
		2AB9BD1C229341E300EABCA9 /* Debug */ = {
			isa = XCBuildConfiguration;
			buildSettings = {
				ASSETCATALOG_COMPILER_APPICON_NAME = AppIcon;
				CODE_SIGN_STYLE = Automatic;
				DEVELOPMENT_TEAM = 33KSS6V8V6;
				INFOPLIST_FILE = "Hoop Manager/Info.plist";
				LD_RUNPATH_SEARCH_PATHS = (
					"$(inherited)",
					"@executable_path/Frameworks",
				);
				PRODUCT_BUNDLE_IDENTIFIER = "io.agileworks.Hoop-Manager";
				PRODUCT_NAME = "$(TARGET_NAME)";
				SWIFT_VERSION = 4.0;
				TARGETED_DEVICE_FAMILY = "1,2";
			};
			name = Debug;
		};
		2AB9BD1D229341E300EABCA9 /* Release */ = {
			isa = XCBuildConfiguration;
			buildSettings = {
				ASSETCATALOG_COMPILER_APPICON_NAME = AppIcon;
				CODE_SIGN_STYLE = Automatic;
				DEVELOPMENT_TEAM = 33KSS6V8V6;
				INFOPLIST_FILE = "Hoop Manager/Info.plist";
				LD_RUNPATH_SEARCH_PATHS = (
					"$(inherited)",
					"@executable_path/Frameworks",
				);
				PRODUCT_BUNDLE_IDENTIFIER = "io.agileworks.Hoop-Manager";
				PRODUCT_NAME = "$(TARGET_NAME)";
				SWIFT_VERSION = 4.0;
				TARGETED_DEVICE_FAMILY = "1,2";
			};
			name = Release;
		};
/* End XCBuildConfiguration section */

/* Begin XCConfigurationList section */
		2AB9BD04229341E100EABCA9 /* Build configuration list for PBXProject "Hoop Manager" */ = {
			isa = XCConfigurationList;
			buildConfigurations = (
				2AB9BD19229341E300EABCA9 /* Debug */,
				2AB9BD1A229341E300EABCA9 /* Release */,
			);
			defaultConfigurationIsVisible = 0;
			defaultConfigurationName = Release;
		};
		2AB9BD1B229341E300EABCA9 /* Build configuration list for PBXNativeTarget "Hoop Manager" */ = {
			isa = XCConfigurationList;
			buildConfigurations = (
				2AB9BD1C229341E300EABCA9 /* Debug */,
				2AB9BD1D229341E300EABCA9 /* Release */,
			);
			defaultConfigurationIsVisible = 0;
			defaultConfigurationName = Release;
		};
/* End XCConfigurationList section */
	};
	rootObject = 2AB9BD01229341E100EABCA9 /* Project object */;
}
